
Microsoft Visual Studio Solution File, Format Version 12.00
# Visual Studio 2013
VisualStudioVersion = 12.0.30723.0
MinimumVisualStudioVersion = 10.0.40219.1
Project("{2150E333-8FDC-42A3-9474-1A3956D46DE8}") = "CodeAnalysis", "CodeAnalysis", "{65E674E1-E164-439B-9C5E-BE31505E6B1B}"
	ProjectSection(SolutionItems) = preProject
		CodeAnalysis\Solution.ruleset = CodeAnalysis\Solution.ruleset
		CodeAnalysis\Solution.Tests.ruleset = CodeAnalysis\Solution.Tests.ruleset
		CodeAnalysis\SolutionDictionary.xml = CodeAnalysis\SolutionDictionary.xml
		CodeAnalysis\SolutionSuppressions.cs = CodeAnalysis\SolutionSuppressions.cs
	EndProjectSection
EndProject
Project("{2150E333-8FDC-42A3-9474-1A3956D46DE8}") = "Properties", "Properties", "{EFCC71A8-D5F0-4520-9F3F-AF97BFF57585}"
	ProjectSection(SolutionItems) = preProject
		Properties\Solution-AssemblyInfo.cs = Properties\Solution-AssemblyInfo.cs
	EndProjectSection
EndProject
Project("{2150E333-8FDC-42A3-9474-1A3956D46DE8}") = "Signing", "Signing", "{FDCE975D-BEBD-4091-BD43-0841EBDE7170}"
	ProjectSection(SolutionItems) = preProject
		Signing\HansKindberg.snk = Signing\HansKindberg.snk
	EndProjectSection
EndProject
Project("{FAE04EC0-301F-11D3-BF4B-00C04F79EFBC}") = "HansKindberg.DirectoryServices", "HansKindberg.DirectoryServices\HansKindberg.DirectoryServices.csproj", "{B1861F5F-168A-4C28-B5C5-22F3992D1F08}"
EndProject
Project("{FAE04EC0-301F-11D3-BF4B-00C04F79EFBC}") = "HansKindberg.DirectoryServices.Protocols", "HansKindberg.DirectoryServices.Protocols\HansKindberg.DirectoryServices.Protocols.csproj", "{70D67E69-BDBE-47A8-B94C-DA497E8420E8}"
EndProject
Project("{FAE04EC0-301F-11D3-BF4B-00C04F79EFBC}") = "Tester", "Tester\Tester.csproj", "{FDB77374-F9E2-446F-A0DE-68C4D9EA79AE}"
EndProject
Global
	GlobalSection(SolutionConfigurationPlatforms) = preSolution
		Debug|Any CPU = Debug|Any CPU
		Release|Any CPU = Release|Any CPU
	EndGlobalSection
	GlobalSection(ProjectConfigurationPlatforms) = postSolution
		{B1861F5F-168A-4C28-B5C5-22F3992D1F08}.Debug|Any CPU.ActiveCfg = Debug|Any CPU
		{B1861F5F-168A-4C28-B5C5-22F3992D1F08}.Debug|Any CPU.Build.0 = Debug|Any CPU
		{B1861F5F-168A-4C28-B5C5-22F3992D1F08}.Release|Any CPU.ActiveCfg = Release|Any CPU
		{B1861F5F-168A-4C28-B5C5-22F3992D1F08}.Release|Any CPU.Build.0 = Release|Any CPU
		{70D67E69-BDBE-47A8-B94C-DA497E8420E8}.Debug|Any CPU.ActiveCfg = Debug|Any CPU
		{70D67E69-BDBE-47A8-B94C-DA497E8420E8}.Debug|Any CPU.Build.0 = Debug|Any CPU
		{70D67E69-BDBE-47A8-B94C-DA497E8420E8}.Release|Any CPU.ActiveCfg = Release|Any CPU
		{70D67E69-BDBE-47A8-B94C-DA497E8420E8}.Release|Any CPU.Build.0 = Release|Any CPU
		{FDB77374-F9E2-446F-A0DE-68C4D9EA79AE}.Debug|Any CPU.ActiveCfg = Debug|Any CPU
		{FDB77374-F9E2-446F-A0DE-68C4D9EA79AE}.Debug|Any CPU.Build.0 = Debug|Any CPU
		{FDB77374-F9E2-446F-A0DE-68C4D9EA79AE}.Release|Any CPU.ActiveCfg = Release|Any CPU
		{FDB77374-F9E2-446F-A0DE-68C4D9EA79AE}.Release|Any CPU.Build.0 = Release|Any CPU
	EndGlobalSection
	GlobalSection(SolutionProperties) = preSolution
		HideSolutionNode = FALSE
	EndGlobalSection
EndGlobal
